<?xml version="1.0" encoding="UTF-8"?>
<CONFIG>
  <ProjectOptions>
    <Version Value="10"/>
    <PathDelim Value="\"/>
    <General>
      <SessionStorage Value="InProjectDir"/>
      <MainUnit Value="0"/>
      <Title Value="Vendas"/>
      <ResourceType Value="res"/>
      <UseXPManifest Value="True"/>
      <Icon Value="0"/>
    </General>
    <BuildModes Count="1">
      <Item1 Name="Default" Default="True"/>
    </BuildModes>
    <PublishOptions>
      <Version Value="2"/>
    </PublishOptions>
    <RunParams>
      <local>
        <FormatVersion Value="1"/>
      </local>
    </RunParams>
    <RequiredPackages Count="6">
      <Item1>
        <PackageName Value="frce"/>
      </Item1>
      <Item2>
        <PackageName Value="rxnew"/>
      </Item2>
      <Item3>
        <PackageName Value="FCL"/>
      </Item3>
      <Item4>
        <PackageName Value="LazControls"/>
      </Item4>
      <Item5>
        <PackageName Value="zcomponent"/>
      </Item5>
      <Item6>
        <PackageName Value="LCL"/>
      </Item6>
    </RequiredPackages>
    <Units Count="23">
      <Unit0>
        <Filename Value="Vendas.lpr"/>
        <IsPartOfProject Value="True"/>
      </Unit0>
      <Unit1>
        <Filename Value="uprincipal.pas"/>
        <IsPartOfProject Value="True"/>
        <ComponentName Value="frmPrincipal"/>
        <HasResources Value="True"/>
        <ResourceBaseClass Value="Form"/>
        <UnitName Value="uPrincipal"/>
      </Unit1>
      <Unit2>
        <Filename Value="dataModules\uconexao.pas"/>
        <IsPartOfProject Value="True"/>
        <ComponentName Value="dtmPrincipal"/>
        <HasResources Value="True"/>
        <ResourceBaseClass Value="DataModule"/>
        <UnitName Value="uConexao"/>
      </Unit2>
      <Unit3>
        <Filename Value="core\utelaheranca.pas"/>
        <IsPartOfProject Value="True"/>
        <ComponentName Value="frmTelaHeranca"/>
        <HasResources Value="True"/>
        <ResourceBaseClass Value="Form"/>
      </Unit3>
      <Unit4>
        <Filename Value="cadastro\ucadcategoria.pas"/>
        <IsPartOfProject Value="True"/>
        <ComponentName Value="frmCadCategoria"/>
        <HasResources Value="True"/>
        <ResourceBaseClass Value="Form"/>
        <UnitName Value="uCadCategoria"/>
      </Unit4>
      <Unit5>
        <Filename Value="class\carquivoini.pas"/>
        <IsPartOfProject Value="True"/>
        <UnitName Value="cArquivoIni"/>
      </Unit5>
      <Unit6>
        <Filename Value="core\uatualizadb.pas"/>
        <IsPartOfProject Value="True"/>
        <ComponentName Value="frmAtualizaBancoDados"/>
        <HasResources Value="True"/>
        <ResourceBaseClass Value="Form"/>
        <UnitName Value="uAtualizaDB"/>
      </Unit6>
      <Unit7>
        <Filename Value="core\class\catualizacaobancodedados.pas"/>
        <IsPartOfProject Value="True"/>
        <UnitName Value="cAtualizacaoBancoDeDados"/>
      </Unit7>
      <Unit8>
        <Filename Value="core\class\catualizacaotabelamysql.pas"/>
        <IsPartOfProject Value="True"/>
        <UnitName Value="cAtualizacaoTabelaMYSQL"/>
      </Unit8>
      <Unit9>
        <Filename Value="core\uenum.pas"/>
        <IsPartOfProject Value="True"/>
        <UnitName Value="uEnum"/>
      </Unit9>
      <Unit10>
        <Filename Value="core\class\cusuariologado.pas"/>
        <IsPartOfProject Value="True"/>
        <UnitName Value="cUsuarioLogado"/>
      </Unit10>
      <Unit11>
        <Filename Value="core\ufuncaocriptografia.pas"/>
        <IsPartOfProject Value="True"/>
        <UnitName Value="ufuncaoCriptografia"/>
      </Unit11>
      <Unit12>
        <Filename Value="core\uutils.pas"/>
        <IsPartOfProject Value="True"/>
        <UnitName Value="uUtils"/>
      </Unit12>
      <Unit13>
        <Filename Value="core\class\catualizacaocampomysql.pas"/>
        <IsPartOfProject Value="True"/>
        <UnitName Value="cAtualizacaoCampoMYSQL"/>
      </Unit13>
      <Unit14>
        <Filename Value="class\ccadcategoria.pas"/>
        <IsPartOfProject Value="True"/>
        <UnitName Value="cCadCategoria"/>
      </Unit14>
      <Unit15>
        <Filename Value="class\ccadusuario.pas"/>
        <IsPartOfProject Value="True"/>
        <UnitName Value="cCadUsuario"/>
      </Unit15>
      <Unit16>
        <Filename Value="cadastro\ucadusuario.pas"/>
        <IsPartOfProject Value="True"/>
        <ComponentName Value="frmCadUsuario"/>
        <HasResources Value="True"/>
        <ResourceBaseClass Value="Form"/>
      </Unit16>
      <Unit17>
        <Filename Value="login\ulogin.pas"/>
        <IsPartOfProject Value="True"/>
        <ComponentName Value="frmLogin"/>
        <HasResources Value="True"/>
        <ResourceBaseClass Value="Form"/>
        <UnitName Value="uLogin"/>
      </Unit17>
      <Unit18>
        <Filename Value="core\class\cacaoacesso.pas"/>
        <IsPartOfProject Value="True"/>
        <UnitName Value="cAcaoAcesso"/>
      </Unit18>
      <Unit19>
        <Filename Value="core\ucadacaoacesso.pas"/>
        <IsPartOfProject Value="True"/>
        <ComponentName Value="frmCadAcaoAcesso"/>
        <HasResources Value="True"/>
        <ResourceBaseClass Value="Form"/>
        <UnitName Value="uCadAcaoAcesso"/>
      </Unit19>
      <Unit20>
        <Filename Value="core\class\cinstanciarform.pas"/>
        <IsPartOfProject Value="True"/>
        <UnitName Value="cInstanciarForm"/>
      </Unit20>
      <Unit21>
        <Filename Value="core\uusuariovsacoes.pas"/>
        <IsPartOfProject Value="True"/>
        <ComponentName Value="frmUsuarioVsAcoes"/>
        <HasResources Value="True"/>
        <ResourceBaseClass Value="Form"/>
        <UnitName Value="uUsuarioVsAcoes"/>
      </Unit21>
      <Unit22>
        <Filename Value="core\class\cbase.pas"/>
        <IsPartOfProject Value="True"/>
      </Unit22>
    </Units>
  </ProjectOptions>
  <CompilerOptions>
    <Version Value="11"/>
    <PathDelim Value="\"/>
    <Target>
      <Filename Value="Vendas"/>
    </Target>
    <SearchPaths>
      <IncludeFiles Value="$(ProjOutDir)"/>
      <OtherUnitFiles Value="DataModules;core;cadastro;class;core\class;login"/>
      <UnitOutputDirectory Value="lib\$(TargetCPU)-$(TargetOS)"/>
    </SearchPaths>
    <Linking>
      <Options>
        <Win32>
          <GraphicApplication Value="True"/>
        </Win32>
      </Options>
    </Linking>
  </CompilerOptions>
  <Debugging>
    <Exceptions Count="3">
      <Item1>
        <Name Value="EAbort"/>
      </Item1>
      <Item2>
        <Name Value="ECodetoolError"/>
      </Item2>
      <Item3>
        <Name Value="EFOpenError"/>
      </Item3>
    </Exceptions>
  </Debugging>
</CONFIG>
